{
  "name": "Sound_Substitution_2022",
  "lockfileVersion": 2,
  "requires": true,
  "packages": {
    "": {
      "dependencies": {
        "pitchfinder": "^2.3.2",
        "tone": "^14.7.77"
      }
    },
    "node_modules/@babel/runtime": {
      "version": "7.18.6",
      "resolved": "https://registry.npmjs.org/@babel/runtime/-/runtime-7.18.6.tgz",
      "integrity": "sha512-t9wi7/AW6XtKahAe20Yw0/mMljKq0B1r2fPdvaAdV/KPDZewFXdaaa6K7lxmZBZ8FBNpCiAT6iHPmd6QO9bKfQ==",
      "dependencies": {
        "regenerator-runtime": "^0.13.4"
      },
      "engines": {
        "node": ">=6.9.0"
      }
    },
    "node_modules/automation-events": {
      "version": "4.0.19",
      "resolved": "https://registry.npmjs.org/automation-events/-/automation-events-4.0.19.tgz",
      "integrity": "sha512-e8ALmWdXSkDAtDVkmqLcCDMfMMvHcPTwsg+1GsxEO8+Cyg7FQs7F3VKifzdRTADVU6S1aqlPzDE3+KLFsH0sxA==",
      "dependencies": {
        "@babel/runtime": "^7.18.3",
        "tslib": "^2.4.0"
      },
      "engines": {
        "node": ">=12.20.1"
      }
    },
    "node_modules/pitchfinder": {
      "version": "2.3.2",
      "resolved": "https://registry.npmjs.org/pitchfinder/-/pitchfinder-2.3.2.tgz",
      "integrity": "sha512-Mn3jcp/y1xmAUKI1lMIU8bIqE9AcSuKMFuvJI9C/36oNwVklUF167o0TH/H5fwxuSIaz+XfBD6vd2G5lnddpzw=="
    },
    "node_modules/regenerator-runtime": {
      "version": "0.13.9",
      "resolved": "https://registry.npmjs.org/regenerator-runtime/-/regenerator-runtime-0.13.9.tgz",
      "integrity": "sha512-p3VT+cOEgxFsRRA9X4lkI1E+k2/CtnKtU4gcxyaCUreilL/vqI6CdZ3wxVUx3UOUg+gnUOQQcRI7BmSI656MYA=="
    },
    "node_modules/standardized-audio-context": {
      "version": "25.3.28",
      "resolved": "https://registry.npmjs.org/standardized-audio-context/-/standardized-audio-context-25.3.28.tgz",
      "integrity": "sha512-w3TIDQ2z5iA76A3qFjL/knf45BAwHYAqQmDNlDrlE2El89kFKv43TjiN94N0joiMr7G3CRmO1bOuQ7wopDon9g==",
      "dependencies": {
        "@babel/runtime": "^7.18.3",
        "automation-events": "^4.0.19",
        "tslib": "^2.4.0"
      }
    },
    "node_modules/tone": {
      "version": "14.7.77",
      "resolved": "https://registry.npmjs.org/tone/-/tone-14.7.77.tgz",
      "integrity": "sha512-tCfK73IkLHyzoKUvGq47gyDyxiKLFvKiVCOobynGgBB9Dl0NkxTM2p+eRJXyCYrjJwy9Y0XCMqD3uOYsYt2Fdg==",
      "dependencies": {
        "standardized-audio-context": "^25.1.8",
        "tslib": "^2.0.1"
      }
    },
    "node_modules/tslib": {
      "version": "2.4.0",
      "resolved": "https://registry.npmjs.org/tslib/-/tslib-2.4.0.tgz",
      "integrity": "sha512-d6xOpEDfsi2CZVlPQzGeux8XMwLT9hssAsaPYExaQMuYskwb+x1x7J371tWlbBdWHroy99KnVB6qIkUbs5X3UQ=="
    }
  },
  "dependencies": {
    "@babel/runtime": {
      "version": "7.18.6",
      "resolved": "https://registry.npmjs.org/@babel/runtime/-/runtime-7.18.6.tgz",
      "integrity": "sha512-t9wi7/AW6XtKahAe20Yw0/mMljKq0B1r2fPdvaAdV/KPDZewFXdaaa6K7lxmZBZ8FBNpCiAT6iHPmd6QO9bKfQ==",
      "requires": {
        "regenerator-runtime": "^0.13.4"
      }
    },
    "automation-events": {
      "version": "4.0.19",
      "resolved": "https://registry.npmjs.org/automation-events/-/automation-events-4.0.19.tgz",
      "integrity": "sha512-e8ALmWdXSkDAtDVkmqLcCDMfMMvHcPTwsg+1GsxEO8+Cyg7FQs7F3VKifzdRTADVU6S1aqlPzDE3+KLFsH0sxA==",
      "requires": {
        "@babel/runtime": "^7.18.3",
        "tslib": "^2.4.0"
      }
    },
    "pitchfinder": {
      "version": "2.3.2",
      "resolved": "https://registry.npmjs.org/pitchfinder/-/pitchfinder-2.3.2.tgz",
      "integrity": "sha512-Mn3jcp/y1xmAUKI1lMIU8bIqE9AcSuKMFuvJI9C/36oNwVklUF167o0TH/H5fwxuSIaz+XfBD6vd2G5lnddpzw=="
    },
    "regenerator-runtime": {
      "version": "0.13.9",
      "resolved": "https://registry.npmjs.org/regenerator-runtime/-/regenerator-runtime-0.13.9.tgz",
      "integrity": "sha512-p3VT+cOEgxFsRRA9X4lkI1E+k2/CtnKtU4gcxyaCUreilL/vqI6CdZ3wxVUx3UOUg+gnUOQQcRI7BmSI656MYA=="
    },
    "standardized-audio-context": {
      "version": "25.3.28",
      "resolved": "https://registry.npmjs.org/standardized-audio-context/-/standardized-audio-context-25.3.28.tgz",
      "integrity": "sha512-w3TIDQ2z5iA76A3qFjL/knf45BAwHYAqQmDNlDrlE2El89kFKv43TjiN94N0joiMr7G3CRmO1bOuQ7wopDon9g==",
      "requires": {
        "@babel/runtime": "^7.18.3",
        "automation-events": "^4.0.19",
        "tslib": "^2.4.0"
      }
    },
    "tone": {
      "version": "14.7.77",
      "resolved": "https://registry.npmjs.org/tone/-/tone-14.7.77.tgz",
      "integrity": "sha512-tCfK73IkLHyzoKUvGq47gyDyxiKLFvKiVCOobynGgBB9Dl0NkxTM2p+eRJXyCYrjJwy9Y0XCMqD3uOYsYt2Fdg==",
      "requires": {
        "standardized-audio-context": "^25.1.8",
        "tslib": "^2.0.1"
      }
    },
    "tslib": {
      "version": "2.4.0",
      "resolved": "https://registry.npmjs.org/tslib/-/tslib-2.4.0.tgz",
      "integrity": "sha512-d6xOpEDfsi2CZVlPQzGeux8XMwLT9hssAsaPYExaQMuYskwb+x1x7J371tWlbBdWHroy99KnVB6qIkUbs5X3UQ=="
    }
  }
}
